
Microsoft Visual Studio Solution File, Format Version 12.00
# Visual Studio Version 17
VisualStudioVersion = 17.2.32516.85
MinimumVisualStudioVersion = 10.0.40219.1
Project("{FAE04EC0-301F-11D3-BF4B-00C04F79EFBC}") = "Calculadora", "Calculadora\Calculadora.csproj", "{AAD12176-4004-4ECF-A49D-9FB2D7D424C4}"
EndProject
Global
	GlobalSection(SolutionConfigurationPlatforms) = preSolution
		Debug|Any CPU = Debug|Any CPU
		Release|Any CPU = Release|Any CPU
	EndGlobalSection
	GlobalSection(ProjectConfigurationPlatforms) = postSolution
		{AAD12176-4004-4ECF-A49D-9FB2D7D424C4}.Debug|Any CPU.ActiveCfg = Debug|Any CPU
		{AAD12176-4004-4ECF-A49D-9FB2D7D424C4}.Debug|Any CPU.Build.0 = Debug|Any CPU
		{AAD12176-4004-4ECF-A49D-9FB2D7D424C4}.Release|Any CPU.ActiveCfg = Release|Any CPU
		{AAD12176-4004-4ECF-A49D-9FB2D7D424C4}.Release|Any CPU.Build.0 = Release|Any CPU
	EndGlobalSection
	GlobalSection(SolutionProperties) = preSolution
		HideSolutionNode = FALSE
	EndGlobalSection
	GlobalSection(ExtensibilityGlobals) = postSolution
		SolutionGuid = {45DD32F3-9E2C-41CE-82ED-38D7DEE5DB39}
	EndGlobalSection
EndGlobal
